
Microsoft Visual Studio Solution File, Format Version 12.00
# Visual Studio 2012
Project("{FAE04EC0-301F-11D3-BF4B-00C04F79EFBC}") = "Cook_Ch9_3", "Cook_Ch9_3\Cook_Ch9_3.csproj", "{689D8E62-9ABB-4C67-A85A-883ED6B17630}"
EndProject
Global
	GlobalSection(SolutionConfigurationPlatforms) = preSolution
		Debug|Any CPU = Debug|Any CPU
		Release|Any CPU = Release|Any CPU
	EndGlobalSection
	GlobalSection(ProjectConfigurationPlatforms) = postSolution
		{689D8E62-9ABB-4C67-A85A-883ED6B17630}.Debug|Any CPU.ActiveCfg = Debug|Any CPU
		{689D8E62-9ABB-4C67-A85A-883ED6B17630}.Debug|Any CPU.Build.0 = Debug|Any CPU
		{689D8E62-9ABB-4C67-A85A-883ED6B17630}.Release|Any CPU.ActiveCfg = Release|Any CPU
		{689D8E62-9ABB-4C67-A85A-883ED6B17630}.Release|Any CPU.Build.0 = Release|Any CPU
	EndGlobalSection
	GlobalSection(SolutionProperties) = preSolution
		HideSolutionNode = FALSE
	EndGlobalSection
EndGlobal
